
Microsoft Visual Studio Solution File, Format Version 12.00
# Visual Studio Version 17
VisualStudioVersion = 17.11.35327.3
MinimumVisualStudioVersion = 10.0.40219.1
Project("{FAE04EC0-301F-11D3-BF4B-00C04F79EFBC}") = "Models", "Models\Models.csproj", "{5F9C4941-BBE2-401B-BCAC-54ED65F14331}"
EndProject
Project("{FAE04EC0-301F-11D3-BF4B-00C04F79EFBC}") = "Repositories", "Repositories\Repositories.csproj", "{8BBCC824-DA6D-4EEE-8888-7DCB53141D4A}"
EndProject
Global
	GlobalSection(SolutionConfigurationPlatforms) = preSolution
		Debug|Any CPU = Debug|Any CPU
		Release|Any CPU = Release|Any CPU
	EndGlobalSection
	GlobalSection(ProjectConfigurationPlatforms) = postSolution
		{5F9C4941-BBE2-401B-BCAC-54ED65F14331}.Debug|Any CPU.ActiveCfg = Debug|Any CPU
		{5F9C4941-BBE2-401B-BCAC-54ED65F14331}.Debug|Any CPU.Build.0 = Debug|Any CPU
		{5F9C4941-BBE2-401B-BCAC-54ED65F14331}.Release|Any CPU.ActiveCfg = Release|Any CPU
		{5F9C4941-BBE2-401B-BCAC-54ED65F14331}.Release|Any CPU.Build.0 = Release|Any CPU
		{8BBCC824-DA6D-4EEE-8888-7DCB53141D4A}.Debug|Any CPU.ActiveCfg = Debug|Any CPU
		{8BBCC824-DA6D-4EEE-8888-7DCB53141D4A}.Debug|Any CPU.Build.0 = Debug|Any CPU
		{8BBCC824-DA6D-4EEE-8888-7DCB53141D4A}.Release|Any CPU.ActiveCfg = Release|Any CPU
		{8BBCC824-DA6D-4EEE-8888-7DCB53141D4A}.Release|Any CPU.Build.0 = Release|Any CPU
	EndGlobalSection
	GlobalSection(SolutionProperties) = preSolution
		HideSolutionNode = FALSE
	EndGlobalSection
	GlobalSection(ExtensibilityGlobals) = postSolution
		SolutionGuid = {4F52C13B-F9E2-44B6-B93E-986BFB7C356E}
	EndGlobalSection
EndGlobal
